schema: '2.0'
stages:
  split:
    cmd: python ./src/data/split_data.py
    deps:
    - path: data/raw/raw.csv
      hash: md5
      md5: 617b56af2992376d5c3e91ad80823898
      size: 333757
    - path: src/data/split_data.py
      hash: md5
      md5: af78ebf2265de17cfab5cf3151dfba7b
      size: 877
    outs:
    - path: data/processed/X_test.csv
      hash: md5
      md5: 0773b0b2a9a97c9b8840b3f4b86a9b6e
      size: 52928
    - path: data/processed/X_train.csv
      hash: md5
      md5: b9e08497ad16ccf60aaeefdca5948de7
      size: 210983
    - path: data/processed/y_test.csv
      hash: md5
      md5: 439e94c2bacebe72af077779541bfb21
      size: 6817
    - path: data/processed/y_train.csv
      hash: md5
      md5: 0a7ff7c4fa1ecef56af28de1ce179c13
      size: 27409
  normalize:
    cmd: python src/data/normalize_data.py
    deps:
    - path: data/processed/X_test.csv
      hash: md5
      md5: 0773b0b2a9a97c9b8840b3f4b86a9b6e
      size: 52928
    - path: data/processed/X_train.csv
      hash: md5
      md5: b9e08497ad16ccf60aaeefdca5948de7
      size: 210983
    - path: src/data/normalize_data.py
      hash: md5
      md5: db76550b582f03195276fd3aea85c8fe
      size: 992
    outs:
    - path: data/processed/X_test_scaled.csv
      hash: md5
      md5: 0d90aef235c95059f9245e952f36f41f
      size: 57295
    - path: data/processed/X_train_scaled.csv
      hash: md5
      md5: cf08dad3687b7a38e7b4e7788fa2ac23
      size: 228254
  gridsearch:
    cmd: python src/models/find_best_params.py
    deps:
    - path: data/processed/X_train_scaled.csv
      hash: md5
      md5: cf08dad3687b7a38e7b4e7788fa2ac23
      size: 228254
    - path: data/processed/y_train.csv
      hash: md5
      md5: 0a7ff7c4fa1ecef56af28de1ce179c13
      size: 27409
    outs:
    - path: models/best_params.pkl
      hash: md5
      md5: 6cdd4e48744c4b3d6c1c08ff6cafb45b
      size: 89
  training:
    cmd: python src/models/train_model.py
    deps:
    - path: data/processed/X_train_scaled.csv
      hash: md5
      md5: cf08dad3687b7a38e7b4e7788fa2ac23
      size: 228254
    - path: data/processed/y_train.csv
      hash: md5
      md5: 0a7ff7c4fa1ecef56af28de1ce179c13
      size: 27409
    - path: models/best_params.pkl
      hash: md5
      md5: 6cdd4e48744c4b3d6c1c08ff6cafb45b
      size: 89
    outs:
    - path: models/trained_model.pkl
      hash: md5
      md5: b704b9526442dca1e863b746f94f0cea
      size: 5766832
