schema: '2.0'
stages:
  split:
    cmd: python ./src/data/split_data.py
    deps:
    - path: data/raw/raw.csv
      hash: md5
      md5: 617b56af2992376d5c3e91ad80823898
      size: 333757
    - path: params.yaml
      hash: md5
      md5: b5b236f63449f493e643d5725cd2f463
      size: 391
    - path: src/data/split_data.py
      hash: md5
      md5: edad7fcab8d18e5944edb8a775fa193f
      size: 1132
    outs:
    - path: data/processed/X_test.csv
      hash: md5
      md5: 0773b0b2a9a97c9b8840b3f4b86a9b6e
      size: 52928
    - path: data/processed/X_train.csv
      hash: md5
      md5: b9e08497ad16ccf60aaeefdca5948de7
      size: 210983
    - path: data/processed/y_test.csv
      hash: md5
      md5: 439e94c2bacebe72af077779541bfb21
      size: 6817
    - path: data/processed/y_train.csv
      hash: md5
      md5: 0a7ff7c4fa1ecef56af28de1ce179c13
      size: 27409
  normalize:
    cmd: python src/data/normalize_data.py
    deps:
    - path: data/processed/X_test.csv
      hash: md5
      md5: 0773b0b2a9a97c9b8840b3f4b86a9b6e
      size: 52928
    - path: data/processed/X_train.csv
      hash: md5
      md5: b9e08497ad16ccf60aaeefdca5948de7
      size: 210983
    - path: src/data/normalize_data.py
      hash: md5
      md5: db76550b582f03195276fd3aea85c8fe
      size: 992
    outs:
    - path: data/processed/X_test_scaled.csv
      hash: md5
      md5: 0d90aef235c95059f9245e952f36f41f
      size: 57295
    - path: data/processed/X_train_scaled.csv
      hash: md5
      md5: cf08dad3687b7a38e7b4e7788fa2ac23
      size: 228254
  gridsearch:
    cmd: python src/models/find_best_params.py
    deps:
    - path: data/processed/X_train_scaled.csv
      hash: md5
      md5: cf08dad3687b7a38e7b4e7788fa2ac23
      size: 228254
    - path: data/processed/y_train.csv
      hash: md5
      md5: 0a7ff7c4fa1ecef56af28de1ce179c13
      size: 27409
    - path: params.yaml
      hash: md5
      md5: b5b236f63449f493e643d5725cd2f463
      size: 391
    - path: src/models/find_best_params.py
      hash: md5
      md5: d3c5cc39c56e23062082b13423b60b5b
      size: 1577
    outs:
    - path: models/best_params.pkl
      hash: md5
      md5: 6cdd4e48744c4b3d6c1c08ff6cafb45b
      size: 89
  training:
    cmd: python src/models/train_model.py
    deps:
    - path: data/processed/X_train_scaled.csv
      hash: md5
      md5: cf08dad3687b7a38e7b4e7788fa2ac23
      size: 228254
    - path: data/processed/y_train.csv
      hash: md5
      md5: 0a7ff7c4fa1ecef56af28de1ce179c13
      size: 27409
    - path: models/best_params.pkl
      hash: md5
      md5: 6cdd4e48744c4b3d6c1c08ff6cafb45b
      size: 89
    - path: src/models/train_model.py
      hash: md5
      md5: 09839889435438c4c1522e37f2ec8306
      size: 907
    outs:
    - path: models/trained_model.pkl
      hash: md5
      md5: b704b9526442dca1e863b746f94f0cea
      size: 5766832
  evaluate:
    cmd: python src/models/evaluate_model.py
    deps:
    - path: data/processed/X_test_scaled.csv
      hash: md5
      md5: 0d90aef235c95059f9245e952f36f41f
      size: 57295
    - path: data/processed/y_test.csv
      hash: md5
      md5: 439e94c2bacebe72af077779541bfb21
      size: 6817
    - path: models/trained_model.pkl
      hash: md5
      md5: b704b9526442dca1e863b746f94f0cea
      size: 5766832
    - path: src/models/evaluate_model.py
      hash: md5
      md5: bc59b2ad5ea7e72b7f2a95d1559456c7
      size: 1379
    outs:
    - path: data/processed/prediction.csv
      hash: md5
      md5: 6d45c40450cced7dd43315ea65ca23cd
      size: 13608
    - path: metrics/scores.json
      hash: md5
      md5: a244838d0f46ef68c67cf98bb57d21b0
      size: 54
