schema: '2.0'
stages:
  split:
    cmd: python ./src/data/split_data.py
    deps:
    - path: data/raw
      hash: md5
      md5: 0b9b0498ef0a1999f3141f0c8cd61a49.dir
      size: 333774
      nfiles: 2
    - path: src/data/split_data.py
      hash: md5
      md5: af78ebf2265de17cfab5cf3151dfba7b
      size: 877
    outs:
    - path: data/processed
      hash: md5
      md5: d46810a61809e2caf7d7880eec401c42.dir
      size: 298137
      nfiles: 4
  normalize:
    cmd: python src/data/normalize_data.py
    deps:
    - path: data/processed
      hash: md5
      md5: 58018ccc93d5cb560b8d82accc4c37b0.dir
      size: 583686
      nfiles: 6
    - path: src/data/normalize_data.py
      hash: md5
      md5: db76550b582f03195276fd3aea85c8fe
      size: 992
